
Microsoft Visual Studio Solution File, Format Version 12.00
# Visual Studio Version 17
VisualStudioVersion = 17.10.35122.118
MinimumVisualStudioVersion = 10.0.40219.1
Project("{2150E333-8FDC-42A3-9474-1A3956D46DE8}") = "Medicos", "Medicos", "{A44AFF9A-E1F4-487A-92BB-341925D701B7}"
EndProject
Project("{9A19103F-16F7-4668-BE54-9A1E7A4F7556}") = "Fiap.Hackathon.Medicos.API", "Medicos\Fiap.Hackathon.Medicos.API\Fiap.Hackathon.Medicos.API.csproj", "{4933FF68-688A-4C6B-B050-1EFD0964EC9E}"
EndProject
Project("{9A19103F-16F7-4668-BE54-9A1E7A4F7556}") = "Fiap.Hackathon.Medicos.Application", "Medicos\Fiap.Hackathon.Medicos.Application\Fiap.Hackathon.Medicos.Application.csproj", "{61F14728-C808-4045-9184-9F6FCF60D30B}"
EndProject
Project("{9A19103F-16F7-4668-BE54-9A1E7A4F7556}") = "Fiap.Hackathon.Medicos.Application.Abstractions", "Medicos\Fiap.Hackathon.Medicos.Application.Abstractions\Fiap.Hackathon.Medicos.Application.Abstractions.csproj", "{261EAC53-3259-4586-A5AC-2E702D5D0016}"
EndProject
Project("{9A19103F-16F7-4668-BE54-9A1E7A4F7556}") = "Fiap.Hackathon.Medicos.Domain", "Medicos\Fiap.Hackathon.Medicos.Domain\Fiap.Hackathon.Medicos.Domain.csproj", "{5314DA7A-A31B-4185-8BF7-5BCD8DB1F115}"
EndProject
Project("{9A19103F-16F7-4668-BE54-9A1E7A4F7556}") = "Fiap.Hackathon.Medicos.Infrastructure", "Medicos\Fiap.Hackathon.Medicos.Infrastructure\Fiap.Hackathon.Medicos.Infrastructure.csproj", "{7941CF31-67EF-478C-BE63-5F832A3CA6A7}"
EndProject
Project("{2150E333-8FDC-42A3-9474-1A3956D46DE8}") = "BuildBlocks", "BuildBlocks", "{BE7B321D-2DDA-4231-927F-36D71E96AB40}"
EndProject
Project("{9A19103F-16F7-4668-BE54-9A1E7A4F7556}") = "Fiap.Hackathon.Common.Logging", "BuildingBlocks\Fiap.Hackathon.Common.Logging\Fiap.Hackathon.Common.Logging.csproj", "{2B3E22E4-141D-495A-AE4B-B22144884C8D}"
EndProject
Project("{9A19103F-16F7-4668-BE54-9A1E7A4F7556}") = "Fiap.Hackathon.Common.Shared", "BuildingBlocks\Fiap.Hackathon.Common.Shared\Fiap.Hackathon.Common.Shared.csproj", "{F06FFDBA-3E2F-45B1-8486-BE609AE47CA3}"
EndProject
Global
	GlobalSection(SolutionConfigurationPlatforms) = preSolution
		Debug|Any CPU = Debug|Any CPU
		Release|Any CPU = Release|Any CPU
	EndGlobalSection
	GlobalSection(ProjectConfigurationPlatforms) = postSolution
		{4933FF68-688A-4C6B-B050-1EFD0964EC9E}.Debug|Any CPU.ActiveCfg = Debug|Any CPU
		{4933FF68-688A-4C6B-B050-1EFD0964EC9E}.Debug|Any CPU.Build.0 = Debug|Any CPU
		{4933FF68-688A-4C6B-B050-1EFD0964EC9E}.Release|Any CPU.ActiveCfg = Release|Any CPU
		{4933FF68-688A-4C6B-B050-1EFD0964EC9E}.Release|Any CPU.Build.0 = Release|Any CPU
		{61F14728-C808-4045-9184-9F6FCF60D30B}.Debug|Any CPU.ActiveCfg = Debug|Any CPU
		{61F14728-C808-4045-9184-9F6FCF60D30B}.Debug|Any CPU.Build.0 = Debug|Any CPU
		{61F14728-C808-4045-9184-9F6FCF60D30B}.Release|Any CPU.ActiveCfg = Release|Any CPU
		{61F14728-C808-4045-9184-9F6FCF60D30B}.Release|Any CPU.Build.0 = Release|Any CPU
		{261EAC53-3259-4586-A5AC-2E702D5D0016}.Debug|Any CPU.ActiveCfg = Debug|Any CPU
		{261EAC53-3259-4586-A5AC-2E702D5D0016}.Debug|Any CPU.Build.0 = Debug|Any CPU
		{261EAC53-3259-4586-A5AC-2E702D5D0016}.Release|Any CPU.ActiveCfg = Release|Any CPU
		{261EAC53-3259-4586-A5AC-2E702D5D0016}.Release|Any CPU.Build.0 = Release|Any CPU
		{5314DA7A-A31B-4185-8BF7-5BCD8DB1F115}.Debug|Any CPU.ActiveCfg = Debug|Any CPU
		{5314DA7A-A31B-4185-8BF7-5BCD8DB1F115}.Debug|Any CPU.Build.0 = Debug|Any CPU
		{5314DA7A-A31B-4185-8BF7-5BCD8DB1F115}.Release|Any CPU.ActiveCfg = Release|Any CPU
		{5314DA7A-A31B-4185-8BF7-5BCD8DB1F115}.Release|Any CPU.Build.0 = Release|Any CPU
		{7941CF31-67EF-478C-BE63-5F832A3CA6A7}.Debug|Any CPU.ActiveCfg = Debug|Any CPU
		{7941CF31-67EF-478C-BE63-5F832A3CA6A7}.Debug|Any CPU.Build.0 = Debug|Any CPU
		{7941CF31-67EF-478C-BE63-5F832A3CA6A7}.Release|Any CPU.ActiveCfg = Release|Any CPU
		{7941CF31-67EF-478C-BE63-5F832A3CA6A7}.Release|Any CPU.Build.0 = Release|Any CPU
		{2B3E22E4-141D-495A-AE4B-B22144884C8D}.Debug|Any CPU.ActiveCfg = Debug|Any CPU
		{2B3E22E4-141D-495A-AE4B-B22144884C8D}.Debug|Any CPU.Build.0 = Debug|Any CPU
		{2B3E22E4-141D-495A-AE4B-B22144884C8D}.Release|Any CPU.ActiveCfg = Release|Any CPU
		{2B3E22E4-141D-495A-AE4B-B22144884C8D}.Release|Any CPU.Build.0 = Release|Any CPU
		{F06FFDBA-3E2F-45B1-8486-BE609AE47CA3}.Debug|Any CPU.ActiveCfg = Debug|Any CPU
		{F06FFDBA-3E2F-45B1-8486-BE609AE47CA3}.Debug|Any CPU.Build.0 = Debug|Any CPU
		{F06FFDBA-3E2F-45B1-8486-BE609AE47CA3}.Release|Any CPU.ActiveCfg = Release|Any CPU
		{F06FFDBA-3E2F-45B1-8486-BE609AE47CA3}.Release|Any CPU.Build.0 = Release|Any CPU
	EndGlobalSection
	GlobalSection(SolutionProperties) = preSolution
		HideSolutionNode = FALSE
	EndGlobalSection
	GlobalSection(NestedProjects) = preSolution
		{4933FF68-688A-4C6B-B050-1EFD0964EC9E} = {A44AFF9A-E1F4-487A-92BB-341925D701B7}
		{61F14728-C808-4045-9184-9F6FCF60D30B} = {A44AFF9A-E1F4-487A-92BB-341925D701B7}
		{261EAC53-3259-4586-A5AC-2E702D5D0016} = {A44AFF9A-E1F4-487A-92BB-341925D701B7}
		{5314DA7A-A31B-4185-8BF7-5BCD8DB1F115} = {A44AFF9A-E1F4-487A-92BB-341925D701B7}
		{7941CF31-67EF-478C-BE63-5F832A3CA6A7} = {A44AFF9A-E1F4-487A-92BB-341925D701B7}
		{2B3E22E4-141D-495A-AE4B-B22144884C8D} = {BE7B321D-2DDA-4231-927F-36D71E96AB40}
		{F06FFDBA-3E2F-45B1-8486-BE609AE47CA3} = {BE7B321D-2DDA-4231-927F-36D71E96AB40}
	EndGlobalSection
	GlobalSection(ExtensibilityGlobals) = postSolution
		SolutionGuid = {C7EA57CB-F911-412C-B382-04D782CA07FE}
	EndGlobalSection
EndGlobal
